<Solution>
  <Project Path="FiveNine-Collective.Site.AppHost/FiveNine-Collective.Site.AppHost.csproj" />
  <Project Path="FiveNine-Collective.Site.Data/FiveNine-Collective.Site.Data.csproj" />
  <Project Path="FiveNine-Collective.Site.Migrations/FiveNine-Collective.Site.Migrations.csproj" />
  <Project Path="FiveNine-Collective.Site.Server/FiveNine-Collective.Site.Server.csproj" />
  <Project Path="frontend/frontend.esproj">
    <Build />
    <Deploy />
  </Project>
</Solution>
